// !$*UTF8*$!
{
	archiveVersion = 1;
	classes = {
	};
	objectVersion = 56;
	objects = {

/* Begin PBXBuildFile section */
		BB6AF7232AF7424600CA042D /* AppDelegate.swift in Sources */ = {isa = PBXBuildFile; fileRef = BB6AF7222AF7424600CA042D /* AppDelegate.swift */; };
		BB6AF7252AF7424600CA042D /* GameScene.sks in Resources */ = {isa = PBXBuildFile; fileRef = BB6AF7242AF7424600CA042D /* GameScene.sks */; };
		BB6AF7272AF7424600CA042D /* Actions.sks in Resources */ = {isa = PBXBuildFile; fileRef = BB6AF7262AF7424600CA042D /* Actions.sks */; };
		BB6AF7292AF7424600CA042D /* GameScene.swift in Sources */ = {isa = PBXBuildFile; fileRef = BB6AF7282AF7424600CA042D /* GameScene.swift */; };
		BB6AF72B2AF7424600CA042D /* ViewController.swift in Sources */ = {isa = PBXBuildFile; fileRef = BB6AF72A2AF7424600CA042D /* ViewController.swift */; };
		BB6AF72D2AF7424800CA042D /* Assets.xcassets in Resources */ = {isa = PBXBuildFile; fileRef = BB6AF72C2AF7424800CA042D /* Assets.xcassets */; };
		BB6AF7302AF7424800CA042D /* Main.storyboard in Resources */ = {isa = PBXBuildFile; fileRef = BB6AF72E2AF7424800CA042D /* Main.storyboard */; };
		BB6AF7382AF7449A00CA042D /* Fruits.swift in Sources */ = {isa = PBXBuildFile; fileRef = BB6AF7372AF7449A00CA042D /* Fruits.swift */; };
		BB6AF73A2AF772ED00CA042D /* GameUtils.swift in Sources */ = {isa = PBXBuildFile; fileRef = BB6AF7392AF772ED00CA042D /* GameUtils.swift */; };
/* End PBXBuildFile section */

/* Begin PBXFileReference section */
		BB6AF71F2AF7424600CA042D /* SuikaGame.app */ = {isa = PBXFileReference; explicitFileType = wrapper.application; includeInIndex = 0; path = SuikaGame.app; sourceTree = BUILT_PRODUCTS_DIR; };
		BB6AF7222AF7424600CA042D /* AppDelegate.swift */ = {isa = PBXFileReference; lastKnownFileType = sourcecode.swift; path = AppDelegate.swift; sourceTree = "<group>"; };
		BB6AF7242AF7424600CA042D /* GameScene.sks */ = {isa = PBXFileReference; lastKnownFileType = file.sks; path = GameScene.sks; sourceTree = "<group>"; };
		BB6AF7262AF7424600CA042D /* Actions.sks */ = {isa = PBXFileReference; lastKnownFileType = file.sks; path = Actions.sks; sourceTree = "<group>"; };
		BB6AF7282AF7424600CA042D /* GameScene.swift */ = {isa = PBXFileReference; lastKnownFileType = sourcecode.swift; path = GameScene.swift; sourceTree = "<group>"; };
		BB6AF72A2AF7424600CA042D /* ViewController.swift */ = {isa = PBXFileReference; lastKnownFileType = sourcecode.swift; path = ViewController.swift; sourceTree = "<group>"; };
		BB6AF72C2AF7424800CA042D /* Assets.xcassets */ = {isa = PBXFileReference; lastKnownFileType = folder.assetcatalog; path = Assets.xcassets; sourceTree = "<group>"; };
		BB6AF72F2AF7424800CA042D /* Base */ = {isa = PBXFileReference; lastKnownFileType = file.storyboard; name = Base; path = Base.lproj/Main.storyboard; sourceTree = "<group>"; };
		BB6AF7312AF7424800CA042D /* SuikaGame.entitlements */ = {isa = PBXFileReference; lastKnownFileType = text.plist.entitlements; path = SuikaGame.entitlements; sourceTree = "<group>"; };
		BB6AF7372AF7449A00CA042D /* Fruits.swift */ = {isa = PBXFileReference; lastKnownFileType = sourcecode.swift; path = Fruits.swift; sourceTree = "<group>"; };
		BB6AF7392AF772ED00CA042D /* GameUtils.swift */ = {isa = PBXFileReference; lastKnownFileType = sourcecode.swift; path = GameUtils.swift; sourceTree = "<group>"; };
/* End PBXFileReference section */

/* Begin PBXFrameworksBuildPhase section */
		BB6AF71C2AF7424600CA042D /* Frameworks */ = {
			isa = PBXFrameworksBuildPhase;
			buildActionMask = 2147483647;
			files = (
			);
			runOnlyForDeploymentPostprocessing = 0;
		};
/* End PBXFrameworksBuildPhase section */

/* Begin PBXGroup section */
		BB6AF7162AF7424600CA042D = {
			isa = PBXGroup;
			children = (
				BB6AF7212AF7424600CA042D /* SuikaGame */,
				BB6AF7202AF7424600CA042D /* Products */,
			);
			sourceTree = "<group>";
		};
		BB6AF7202AF7424600CA042D /* Products */ = {
			isa = PBXGroup;
			children = (
				BB6AF71F2AF7424600CA042D /* SuikaGame.app */,
			);
			name = Products;
			sourceTree = "<group>";
		};
		BB6AF7212AF7424600CA042D /* SuikaGame */ = {
			isa = PBXGroup;
			children = (
				BB6AF7222AF7424600CA042D /* AppDelegate.swift */,
				BB6AF7242AF7424600CA042D /* GameScene.sks */,
				BB6AF7262AF7424600CA042D /* Actions.sks */,
				BB6AF7282AF7424600CA042D /* GameScene.swift */,
				BB6AF72A2AF7424600CA042D /* ViewController.swift */,
				BB6AF7372AF7449A00CA042D /* Fruits.swift */,
				BB6AF7392AF772ED00CA042D /* GameUtils.swift */,
				BB6AF72C2AF7424800CA042D /* Assets.xcassets */,
				BB6AF72E2AF7424800CA042D /* Main.storyboard */,
				BB6AF7312AF7424800CA042D /* SuikaGame.entitlements */,
			);
			path = SuikaGame;
			sourceTree = "<group>";
		};
/* End PBXGroup section */

/* Begin PBXNativeTarget section */
		BB6AF71E2AF7424600CA042D /* SuikaGame */ = {
			isa = PBXNativeTarget;
			buildConfigurationList = BB6AF7342AF7424800CA042D /* Build configuration list for PBXNativeTarget "SuikaGame" */;
			buildPhases = (
				BB6AF71B2AF7424600CA042D /* Sources */,
				BB6AF71C2AF7424600CA042D /* Frameworks */,
				BB6AF71D2AF7424600CA042D /* Resources */,
			);
			buildRules = (
			);
			dependencies = (
			);
			name = SuikaGame;
			productName = SuikaGame;
			productReference = BB6AF71F2AF7424600CA042D /* SuikaGame.app */;
			productType = "com.apple.product-type.application";
		};
/* End PBXNativeTarget section */

/* Begin PBXProject section */
		BB6AF7172AF7424600CA042D /* Project object */ = {
			isa = PBXProject;
			attributes = {
				BuildIndependentTargetsInParallel = 1;
				LastSwiftUpdateCheck = 1500;
				LastUpgradeCheck = 1500;
				TargetAttributes = {
					BB6AF71E2AF7424600CA042D = {
						CreatedOnToolsVersion = 15.0.1;
					};
				};
			};
			buildConfigurationList = BB6AF71A2AF7424600CA042D /* Build configuration list for PBXProject "SuikaGame" */;
			compatibilityVersion = "Xcode 14.0";
			developmentRegion = en;
			hasScannedForEncodings = 0;
			knownRegions = (
				en,
				Base,
			);
			mainGroup = BB6AF7162AF7424600CA042D;
			productRefGroup = BB6AF7202AF7424600CA042D /* Products */;
			projectDirPath = "";
			projectRoot = "";
			targets = (
				BB6AF71E2AF7424600CA042D /* SuikaGame */,
			);
		};
/* End PBXProject section */

/* Begin PBXResourcesBuildPhase section */
		BB6AF71D2AF7424600CA042D /* Resources */ = {
			isa = PBXResourcesBuildPhase;
			buildActionMask = 2147483647;
			files = (
				BB6AF7252AF7424600CA042D /* GameScene.sks in Resources */,
				BB6AF72D2AF7424800CA042D /* Assets.xcassets in Resources */,
				BB6AF7272AF7424600CA042D /* Actions.sks in Resources */,
				BB6AF7302AF7424800CA042D /* Main.storyboard in Resources */,
			);
			runOnlyForDeploymentPostprocessing = 0;
		};
/* End PBXResourcesBuildPhase section */

/* Begin PBXSourcesBuildPhase section */
		BB6AF71B2AF7424600CA042D /* Sources */ = {
			isa = PBXSourcesBuildPhase;
			buildActionMask = 2147483647;
			files = (
				BB6AF7382AF7449A00CA042D /* Fruits.swift in Sources */,
				BB6AF72B2AF7424600CA042D /* ViewController.swift in Sources */,
				BB6AF73A2AF772ED00CA042D /* GameUtils.swift in Sources */,
				BB6AF7292AF7424600CA042D /* GameScene.swift in Sources */,
				BB6AF7232AF7424600CA042D /* AppDelegate.swift in Sources */,
			);
			runOnlyForDeploymentPostprocessing = 0;
		};
/* End PBXSourcesBuildPhase section */

/* Begin PBXVariantGroup section */
		BB6AF72E2AF7424800CA042D /* Main.storyboard */ = {
			isa = PBXVariantGroup;
			children = (
				BB6AF72F2AF7424800CA042D /* Base */,
			);
			name = Main.storyboard;
			sourceTree = "<group>";
		};
/* End PBXVariantGroup section */

/* Begin XCBuildConfiguration section */
		BB6AF7322AF7424800CA042D /* Debug */ = {
			isa = XCBuildConfiguration;
			buildSettings = {
				ALWAYS_SEARCH_USER_PATHS = NO;
				ASSETCATALOG_COMPILER_GENERATE_SWIFT_ASSET_SYMBOL_EXTENSIONS = YES;
				CLANG_ANALYZER_NONNULL = YES;
				CLANG_ANALYZER_NUMBER_OBJECT_CONVERSION = YES_AGGRESSIVE;
				CLANG_CXX_LANGUAGE_STANDARD = "gnu++20";
				CLANG_ENABLE_MODULES = YES;
				CLANG_ENABLE_OBJC_ARC = YES;
				CLANG_ENABLE_OBJC_WEAK = YES;
				CLANG_WARN_BLOCK_CAPTURE_AUTORELEASING = YES;
				CLANG_WARN_BOOL_CONVERSION = YES;
				CLANG_WARN_COMMA = YES;
				CLANG_WARN_CONSTANT_CONVERSION = YES;
				CLANG_WARN_DEPRECATED_OBJC_IMPLEMENTATIONS = YES;
				CLANG_WARN_DIRECT_OBJC_ISA_USAGE = YES_ERROR;
				CLANG_WARN_DOCUMENTATION_COMMENTS = YES;
				CLANG_WARN_EMPTY_BODY = YES;
				CLANG_WARN_ENUM_CONVERSION = YES;
				CLANG_WARN_INFINITE_RECURSION = YES;
				CLANG_WARN_INT_CONVERSION = YES;
				CLANG_WARN_NON_LITERAL_NULL_CONVERSION = YES;
				CLANG_WARN_OBJC_IMPLICIT_RETAIN_SELF = YES;
				CLANG_WARN_OBJC_LITERAL_CONVERSION = YES;
				CLANG_WARN_OBJC_ROOT_CLASS = YES_ERROR;
				CLANG_WARN_QUOTED_INCLUDE_IN_FRAMEWORK_HEADER = YES;
				CLANG_WARN_RANGE_LOOP_ANALYSIS = YES;
				CLANG_WARN_STRICT_PROTOTYPES = YES;
				CLANG_WARN_SUSPICIOUS_MOVE = YES;
				CLANG_WARN_UNGUARDED_AVAILABILITY = YES_AGGRESSIVE;
				CLANG_WARN_UNREACHABLE_CODE = YES;
				CLANG_WARN__DUPLICATE_METHOD_MATCH = YES;
				COPY_PHASE_STRIP = NO;
				DEBUG_INFORMATION_FORMAT = dwarf;
				ENABLE_STRICT_OBJC_MSGSEND = YES;
				ENABLE_TESTABILITY = YES;
				ENABLE_USER_SCRIPT_SANDBOXING = YES;
				GCC_C_LANGUAGE_STANDARD = gnu17;
				GCC_DYNAMIC_NO_PIC = NO;
				GCC_NO_COMMON_BLOCKS = YES;
				GCC_OPTIMIZATION_LEVEL = 0;
				GCC_PREPROCESSOR_DEFINITIONS = (
					"DEBUG=1",
					"$(inherited)",
				);
				GCC_WARN_64_TO_32_BIT_CONVERSION = YES;
				GCC_WARN_ABOUT_RETURN_TYPE = YES_ERROR;
				GCC_WARN_UNDECLARED_SELECTOR = YES;
				GCC_WARN_UNINITIALIZED_AUTOS = YES_AGGRESSIVE;
				GCC_WARN_UNUSED_FUNCTION = YES;
				GCC_WARN_UNUSED_VARIABLE = YES;
				LOCALIZATION_PREFERS_STRING_CATALOGS = YES;
				MACOSX_DEPLOYMENT_TARGET = 13.5;
				MTL_ENABLE_DEBUG_INFO = INCLUDE_SOURCE;
				MTL_FAST_MATH = YES;
				ONLY_ACTIVE_ARCH = YES;
				SDKROOT = macosx;
				SWIFT_ACTIVE_COMPILATION_CONDITIONS = "DEBUG $(inherited)";
				SWIFT_OPTIMIZATION_LEVEL = "-Onone";
			};
			name = Debug;
		};
		BB6AF7332AF7424800CA042D /* Release */ = {
			isa = XCBuildConfiguration;
			buildSettings = {
				ALWAYS_SEARCH_USER_PATHS = NO;
				ASSETCATALOG_COMPILER_GENERATE_SWIFT_ASSET_SYMBOL_EXTENSIONS = YES;
				CLANG_ANALYZER_NONNULL = YES;
				CLANG_ANALYZER_NUMBER_OBJECT_CONVERSION = YES_AGGRESSIVE;
				CLANG_CXX_LANGUAGE_STANDARD = "gnu++20";
				CLANG_ENABLE_MODULES = YES;
				CLANG_ENABLE_OBJC_ARC = YES;
				CLANG_ENABLE_OBJC_WEAK = YES;
				CLANG_WARN_BLOCK_CAPTURE_AUTORELEASING = YES;
				CLANG_WARN_BOOL_CONVERSION = YES;
				CLANG_WARN_COMMA = YES;
				CLANG_WARN_CONSTANT_CONVERSION = YES;
				CLANG_WARN_DEPRECATED_OBJC_IMPLEMENTATIONS = YES;
				CLANG_WARN_DIRECT_OBJC_ISA_USAGE = YES_ERROR;
				CLANG_WARN_DOCUMENTATION_COMMENTS = YES;
				CLANG_WARN_EMPTY_BODY = YES;
				CLANG_WARN_ENUM_CONVERSION = YES;
				CLANG_WARN_INFINITE_RECURSION = YES;
				CLANG_WARN_INT_CONVERSION = YES;
				CLANG_WARN_NON_LITERAL_NULL_CONVERSION = YES;
				CLANG_WARN_OBJC_IMPLICIT_RETAIN_SELF = YES;
				CLANG_WARN_OBJC_LITERAL_CONVERSION = YES;
				CLANG_WARN_OBJC_ROOT_CLASS = YES_ERROR;
				CLANG_WARN_QUOTED_INCLUDE_IN_FRAMEWORK_HEADER = YES;
				CLANG_WARN_RANGE_LOOP_ANALYSIS = YES;
				CLANG_WARN_STRICT_PROTOTYPES = YES;
				CLANG_WARN_SUSPICIOUS_MOVE = YES;
				CLANG_WARN_UNGUARDED_AVAILABILITY = YES_AGGRESSIVE;
				CLANG_WARN_UNREACHABLE_CODE = YES;
				CLANG_WARN__DUPLICATE_METHOD_MATCH = YES;
				COPY_PHASE_STRIP = NO;
				DEBUG_INFORMATION_FORMAT = "dwarf-with-dsym";
				ENABLE_NS_ASSERTIONS = NO;
				ENABLE_STRICT_OBJC_MSGSEND = YES;
				ENABLE_USER_SCRIPT_SANDBOXING = YES;
				GCC_C_LANGUAGE_STANDARD = gnu17;
				GCC_NO_COMMON_BLOCKS = YES;
				GCC_WARN_64_TO_32_BIT_CONVERSION = YES;
				GCC_WARN_ABOUT_RETURN_TYPE = YES_ERROR;
				GCC_WARN_UNDECLARED_SELECTOR = YES;
				GCC_WARN_UNINITIALIZED_AUTOS = YES_AGGRESSIVE;
				GCC_WARN_UNUSED_FUNCTION = YES;
				GCC_WARN_UNUSED_VARIABLE = YES;
				LOCALIZATION_PREFERS_STRING_CATALOGS = YES;
				MACOSX_DEPLOYMENT_TARGET = 13.5;
				MTL_ENABLE_DEBUG_INFO = NO;
				MTL_FAST_MATH = YES;
				SDKROOT = macosx;
				SWIFT_COMPILATION_MODE = wholemodule;
			};
			name = Release;
		};
		BB6AF7352AF7424800CA042D /* Debug */ = {
			isa = XCBuildConfiguration;
			buildSettings = {
				ASSETCATALOG_COMPILER_APPICON_NAME = AppIcon;
				ASSETCATALOG_COMPILER_GLOBAL_ACCENT_COLOR_NAME = AccentColor;
				CODE_SIGN_ENTITLEMENTS = SuikaGame/SuikaGame.entitlements;
				CODE_SIGN_STYLE = Automatic;
				COMBINE_HIDPI_IMAGES = YES;
				CURRENT_PROJECT_VERSION = 1;
				GENERATE_INFOPLIST_FILE = YES;
				INFOPLIST_KEY_NSHumanReadableCopyright = "";
				INFOPLIST_KEY_NSMainStoryboardFile = Main;
				INFOPLIST_KEY_NSPrincipalClass = NSApplication;
				LD_RUNPATH_SEARCH_PATHS = (
					"$(inherited)",
					"@executable_path/../Frameworks",
				);
				MARKETING_VERSION = 1.0;
				PRODUCT_BUNDLE_IDENTIFIER = mame.SuikaGame;
				PRODUCT_NAME = "$(TARGET_NAME)";
				SWIFT_EMIT_LOC_STRINGS = YES;
				SWIFT_VERSION = 5.0;
			};
			name = Debug;
		};
		BB6AF7362AF7424800CA042D /* Release */ = {
			isa = XCBuildConfiguration;
			buildSettings = {
				ASSETCATALOG_COMPILER_APPICON_NAME = AppIcon;
				ASSETCATALOG_COMPILER_GLOBAL_ACCENT_COLOR_NAME = AccentColor;
				CODE_SIGN_ENTITLEMENTS = SuikaGame/SuikaGame.entitlements;
				CODE_SIGN_STYLE = Automatic;
				COMBINE_HIDPI_IMAGES = YES;
				CURRENT_PROJECT_VERSION = 1;
				GENERATE_INFOPLIST_FILE = YES;
				INFOPLIST_KEY_NSHumanReadableCopyright = "";
				INFOPLIST_KEY_NSMainStoryboardFile = Main;
				INFOPLIST_KEY_NSPrincipalClass = NSApplication;
				LD_RUNPATH_SEARCH_PATHS = (
					"$(inherited)",
					"@executable_path/../Frameworks",
				);
				MARKETING_VERSION = 1.0;
				PRODUCT_BUNDLE_IDENTIFIER = mame.SuikaGame;
				PRODUCT_NAME = "$(TARGET_NAME)";
				SWIFT_EMIT_LOC_STRINGS = YES;
				SWIFT_VERSION = 5.0;
			};
			name = Release;
		};
/* End XCBuildConfiguration section */

/* Begin XCConfigurationList section */
		BB6AF71A2AF7424600CA042D /* Build configuration list for PBXProject "SuikaGame" */ = {
			isa = XCConfigurationList;
			buildConfigurations = (
				BB6AF7322AF7424800CA042D /* Debug */,
				BB6AF7332AF7424800CA042D /* Release */,
			);
			defaultConfigurationIsVisible = 0;
			defaultConfigurationName = Release;
		};
		BB6AF7342AF7424800CA042D /* Build configuration list for PBXNativeTarget "SuikaGame" */ = {
			isa = XCConfigurationList;
			buildConfigurations = (
				BB6AF7352AF7424800CA042D /* Debug */,
				BB6AF7362AF7424800CA042D /* Release */,
			);
			defaultConfigurationIsVisible = 0;
			defaultConfigurationName = Release;
		};
/* End XCConfigurationList section */
	};
	rootObject = BB6AF7172AF7424600CA042D /* Project object */;
}
